
Microsoft Visual Studio Solution File, Format Version 12.00
# Visual Studio Version 17
VisualStudioVersion = 17.13.35825.156 d17.13
MinimumVisualStudioVersion = 10.0.40219.1
Project("{FAE04EC0-301F-11D3-BF4B-00C04F79EFBC}") = "Inventario de Tienda UDB", "Inventario de Tienda UDB.csproj", "{C97A721D-0C94-4AF1-92D9-C96753B3698E}"
EndProject
Global
	GlobalSection(SolutionConfigurationPlatforms) = preSolution
		Debug|Any CPU = Debug|Any CPU
		Release|Any CPU = Release|Any CPU
	EndGlobalSection
	GlobalSection(ProjectConfigurationPlatforms) = postSolution
		{C97A721D-0C94-4AF1-92D9-C96753B3698E}.Debug|Any CPU.ActiveCfg = Debug|Any CPU
		{C97A721D-0C94-4AF1-92D9-C96753B3698E}.Debug|Any CPU.Build.0 = Debug|Any CPU
		{C97A721D-0C94-4AF1-92D9-C96753B3698E}.Release|Any CPU.ActiveCfg = Release|Any CPU
		{C97A721D-0C94-4AF1-92D9-C96753B3698E}.Release|Any CPU.Build.0 = Release|Any CPU
	EndGlobalSection
	GlobalSection(SolutionProperties) = preSolution
		HideSolutionNode = FALSE
	EndGlobalSection
	GlobalSection(ExtensibilityGlobals) = postSolution
		SolutionGuid = {97B216C9-8772-43FC-A93D-11203A1C8D9A}
	EndGlobalSection
EndGlobal
